Microsoft Visual Studio Solution File, Format Version 12.00
# Visual Studio Version 16
VisualStudioVersion = 16.0.30621.155
MinimumVisualStudioVersion = 10.0.40219.1
Project("{8BC9CEB8-8B4A-11D0-8D11-00A0C91BC942}") = "AutomationFilter", "..\automation\automationfilter\win\AutomationFilter.vcxproj", "{42BC470D-DF39-4EE1-BF34-2428E7774EBB}"
EndProject
Project("{8BC9CEB8-8B4A-11D0-8D11-00A0C91BC942}") = "ColorMunger", "..\filter\colormunger\win\ColorMunger.vcxproj", "{98E5441D-1C90-48B6-975D-353732CE62AF}"
EndProject
Project("{8BC9CEB8-8B4A-11D0-8D11-00A0C91BC942}") = "Dissolve", "..\filter\dissolve\win\Dissolve.vcxproj", "{7C8F26C0-1ADD-4A2B-961E-2FDFDF5E6D2B}"
EndProject
Project("{8BC9CEB8-8B4A-11D0-8D11-00A0C91BC942}") = "FileInfoSearchReplace", "..\automation\fileinfosearchreplace\FileInfoSearchReplace.vcxproj", "{9F6A5269-5C38-44CF-9522-7094AA9173E8}"
EndProject
Project("{8BC9CEB8-8B4A-11D0-8D11-00A0C91BC942}") = "Getter", "..\automation\getter\win\Getter.vcxproj", "{79C31A47-BD5E-4841-9044-EE7E7814AB84}"
EndProject
Project("{8BC9CEB8-8B4A-11D0-8D11-00A0C91BC942}") = "GradientImport", "..\import\gradientimport\win\GradientImport.vcxproj", "{4534A577-1EB0-463C-A0CE-503ADF46B8D0}"
EndProject
Project("{8BC9CEB8-8B4A-11D0-8D11-00A0C91BC942}") = "Hidden", "..\filter\hidden\win\Hidden.vcxproj", "{EFDBB3F2-7CF8-41B7-8D74-7AD4CA342C59}"
EndProject
Project("{8BC9CEB8-8B4A-11D0-8D11-00A0C91BC942}") = "History", "..\export\history\win\History.vcxproj", "{7E6BB623-F5CD-4053-AC2A-F81911C66F28}"
EndProject
Project("{8BC9CEB8-8B4A-11D0-8D11-00A0C91BC942}") = "Listener", "..\automation\listener\win\Listener.vcxproj", "{8817DBB9-60BE-4277-89B9-9819A815E002}"
EndProject
Project("{8BC9CEB8-8B4A-11D0-8D11-00A0C91BC942}") = "MFCPlugIn", "..\filter\mfcplugin\MFCPlugIn.vcxproj", "{53884F41-8C7D-4629-B8C5-0A3DA6770876}"
EndProject
Project("{8BC9CEB8-8B4A-11D0-8D11-00A0C91BC942}") = "NearestBase", "..\colorpicker\nearestbase\win\NearestBase.vcxproj", "{F4A1F3FC-C65B-4D5F-9B89-1D987841E111}"
EndProject
Project("{8BC9CEB8-8B4A-11D0-8D11-00A0C91BC942}") = "Outbound", "..\export\outbound\win\Outbound.vcxproj", "{FAA37424-40A7-47F4-98CB-4B9464145B0D}"
EndProject
Project("{8BC9CEB8-8B4A-11D0-8D11-00A0C91BC942}") = "PoorMansTypeTool", "..\filter\poormanstypetool\win\PoorMansTypeTool.vcxproj", "{BD700D00-08C1-423F-88F6-BC8A0AC39F09}"
EndProject
Project("{8BC9CEB8-8B4A-11D0-8D11-00A0C91BC942}") = "Propetizer", "..\filter\propetizer\win\Propetizer.vcxproj", "{8E443BB0-2B3C-471B-9556-FFBCB8D5A003}"
EndProject
Project("{8BC9CEB8-8B4A-11D0-8D11-00A0C91BC942}") = "SimpleFormat", "..\format\simpleformat\win\SimpleFormat.vcxproj", "{73C59F9A-C645-4EE5-8F00-AB4332011062}"
EndProject
Project("{8BC9CEB8-8B4A-11D0-8D11-00A0C91BC942}") = "TextAuto", "..\automation\textauto\win\TextAuto.vcxproj", "{18A2D615-83E9-43B9-A98D-C60FC09E0633}"
EndProject
Project("{8BC9CEB8-8B4A-11D0-8D11-00A0C91BC942}") = "TextFormat", "..\format\textformat\win\TextFormat.vcxproj", "{6E55656D-F1CC-4A40-8A04-C725C451A5E3}"
EndProject
Project("{8BC9CEB8-8B4A-11D0-8D11-00A0C91BC942}") = "SelectoramaShape", "..\selection\selectoramashape\win\SelectoramaShape.vcxproj", "{A1F49855-38CA-4A4C-BB30-1A6904C3280A}"
EndProject
Project("{8BC9CEB8-8B4A-11D0-8D11-00A0C91BC942}") = "MeasurementSample", "..\measurement\measurementsample\win\MeasurementSample.vcxproj", "{7C8F26C0-1ADD-4A2B-961E-2FDFDF5E6B2D}"
EndProject
Project("{8BC9CEB8-8B4A-11D0-8D11-00A0C91BC942}") = "statistics", "..\imagestack\statistics\win\statistics.vcxproj", "{044F9AC0-1F66-4790-A891-957097F86F20}"
EndProject
Project("{8BC9CEB8-8B4A-11D0-8D11-00A0C91BC942}") = "LayerFormat", "..\format\layerformat\win\LayerFormat.vcxproj", "{BA1C6B6B-58DD-4599-A7DD-D772C107AD5F}"
EndProject
Project("{8BC9CEB8-8B4A-11D0-8D11-00A0C91BC942}") = "IPTCLister", "..\misc\iptclister\IPTCLister.vcxproj", "{922B36FB-B01B-4C19-BEFA-79C67D309C19}"
EndProject
Global
	GlobalSection(SolutionConfigurationPlatforms) = preSolution
		Debug|ARM64 = Debug|ARM64
		Debug|x64 = Debug|x64
		Release|ARM64 = Release|ARM64
		Release|x64 = Release|x64
	EndGlobalSection
	GlobalSection(ProjectConfigurationPlatforms) = postSolution
		{42BC470D-DF39-4EE1-BF34-2428E7774EBB}.Debug|ARM64.ActiveCfg = Debug|ARM64
		{42BC470D-DF39-4EE1-BF34-2428E7774EBB}.Debug|ARM64.Build.0 = Debug|ARM64
		{42BC470D-DF39-4EE1-BF34-2428E7774EBB}.Debug|x64.ActiveCfg = Debug|x64
		{42BC470D-DF39-4EE1-BF34-2428E7774EBB}.Debug|x64.Build.0 = Debug|x64
		{42BC470D-DF39-4EE1-BF34-2428E7774EBB}.Release|ARM64.ActiveCfg = Debug|ARM64
		{42BC470D-DF39-4EE1-BF34-2428E7774EBB}.Release|x64.ActiveCfg = Debug|x64
		{42BC470D-DF39-4EE1-BF34-2428E7774EBB}.Release|x64.Build.0 = Debug|x64
		{98E5441D-1C90-48B6-975D-353732CE62AF}.Debug|ARM64.ActiveCfg = Debug|ARM64
		{98E5441D-1C90-48B6-975D-353732CE62AF}.Debug|ARM64.Build.0 = Debug|ARM64
		{98E5441D-1C90-48B6-975D-353732CE62AF}.Debug|x64.ActiveCfg = Debug|x64
		{98E5441D-1C90-48B6-975D-353732CE62AF}.Debug|x64.Build.0 = Debug|x64
		{98E5441D-1C90-48B6-975D-353732CE62AF}.Release|ARM64.ActiveCfg = Debug|ARM64
		{98E5441D-1C90-48B6-975D-353732CE62AF}.Release|x64.ActiveCfg = Debug|x64
		{7C8F26C0-1ADD-4A2B-961E-2FDFDF5E6D2B}.Debug|ARM64.ActiveCfg = Debug|ARM64
		{7C8F26C0-1ADD-4A2B-961E-2FDFDF5E6D2B}.Debug|ARM64.Build.0 = Debug|ARM64
		{7C8F26C0-1ADD-4A2B-961E-2FDFDF5E6D2B}.Debug|x64.ActiveCfg = Debug|x64
		{7C8F26C0-1ADD-4A2B-961E-2FDFDF5E6D2B}.Debug|x64.Build.0 = Debug|x64
		{7C8F26C0-1ADD-4A2B-961E-2FDFDF5E6D2B}.Release|ARM64.ActiveCfg = Release|ARM64
		{7C8F26C0-1ADD-4A2B-961E-2FDFDF5E6D2B}.Release|ARM64.Build.0 = Release|ARM64
		{7C8F26C0-1ADD-4A2B-961E-2FDFDF5E6D2B}.Release|x64.ActiveCfg = Release|x64
		{7C8F26C0-1ADD-4A2B-961E-2FDFDF5E6D2B}.Release|x64.Build.0 = Release|x64
		{9F6A5269-5C38-44CF-9522-7094AA9173E8}.Debug|ARM64.ActiveCfg = Debug|ARM64
		{9F6A5269-5C38-44CF-9522-7094AA9173E8}.Debug|ARM64.Build.0 = Debug|ARM64
		{9F6A5269-5C38-44CF-9522-7094AA9173E8}.Debug|x64.ActiveCfg = Debug|x64
		{9F6A5269-5C38-44CF-9522-7094AA9173E8}.Debug|x64.Build.0 = Debug|x64
		{9F6A5269-5C38-44CF-9522-7094AA9173E8}.Release|ARM64.ActiveCfg = Debug|ARM64
		{9F6A5269-5C38-44CF-9522-7094AA9173E8}.Release|x64.ActiveCfg = Debug|x64
		{79C31A47-BD5E-4841-9044-EE7E7814AB84}.Debug|ARM64.ActiveCfg = Debug|ARM64
		{79C31A47-BD5E-4841-9044-EE7E7814AB84}.Debug|ARM64.Build.0 = Debug|ARM64
		{79C31A47-BD5E-4841-9044-EE7E7814AB84}.Debug|x64.ActiveCfg = Debug|x64
		{79C31A47-BD5E-4841-9044-EE7E7814AB84}.Debug|x64.Build.0 = Debug|x64
		{79C31A47-BD5E-4841-9044-EE7E7814AB84}.Release|ARM64.ActiveCfg = Debug|ARM64
		{79C31A47-BD5E-4841-9044-EE7E7814AB84}.Release|x64.ActiveCfg = Debug|x64
		{4534A577-1EB0-463C-A0CE-503ADF46B8D0}.Debug|ARM64.ActiveCfg = Debug|ARM64
		{4534A577-1EB0-463C-A0CE-503ADF46B8D0}.Debug|ARM64.Build.0 = Debug|ARM64
		{4534A577-1EB0-463C-A0CE-503ADF46B8D0}.Debug|x64.ActiveCfg = Debug|x64
		{4534A577-1EB0-463C-A0CE-503ADF46B8D0}.Debug|x64.Build.0 = Debug|x64
		{4534A577-1EB0-463C-A0CE-503ADF46B8D0}.Release|ARM64.ActiveCfg = Debug|ARM64
		{4534A577-1EB0-463C-A0CE-503ADF46B8D0}.Release|x64.ActiveCfg = Debug|x64
		{EFDBB3F2-7CF8-41B7-8D74-7AD4CA342C59}.Debug|ARM64.ActiveCfg = Debug|ARM64
		{EFDBB3F2-7CF8-41B7-8D74-7AD4CA342C59}.Debug|ARM64.Build.0 = Debug|ARM64
		{EFDBB3F2-7CF8-41B7-8D74-7AD4CA342C59}.Debug|x64.ActiveCfg = Debug|x64
		{EFDBB3F2-7CF8-41B7-8D74-7AD4CA342C59}.Debug|x64.Build.0 = Debug|x64
		{EFDBB3F2-7CF8-41B7-8D74-7AD4CA342C59}.Release|ARM64.ActiveCfg = Debug|ARM64
		{EFDBB3F2-7CF8-41B7-8D74-7AD4CA342C59}.Release|x64.ActiveCfg = Debug|x64
		{7E6BB623-F5CD-4053-AC2A-F81911C66F28}.Debug|ARM64.ActiveCfg = Debug|ARM64
		{7E6BB623-F5CD-4053-AC2A-F81911C66F28}.Debug|ARM64.Build.0 = Debug|ARM64
		{7E6BB623-F5CD-4053-AC2A-F81911C66F28}.Debug|x64.ActiveCfg = Debug|x64
		{7E6BB623-F5CD-4053-AC2A-F81911C66F28}.Debug|x64.Build.0 = Debug|x64
		{7E6BB623-F5CD-4053-AC2A-F81911C66F28}.Release|ARM64.ActiveCfg = Debug|ARM64
		{7E6BB623-F5CD-4053-AC2A-F81911C66F28}.Release|x64.ActiveCfg = Debug|x64
		{8817DBB9-60BE-4277-89B9-9819A815E002}.Debug|ARM64.ActiveCfg = Debug|ARM64
		{8817DBB9-60BE-4277-89B9-9819A815E002}.Debug|ARM64.Build.0 = Debug|ARM64
		{8817DBB9-60BE-4277-89B9-9819A815E002}.Debug|x64.ActiveCfg = Debug|x64
		{8817DBB9-60BE-4277-89B9-9819A815E002}.Debug|x64.Build.0 = Debug|x64
		{8817DBB9-60BE-4277-89B9-9819A815E002}.Release|ARM64.ActiveCfg = Debug|ARM64
		{8817DBB9-60BE-4277-89B9-9819A815E002}.Release|x64.ActiveCfg = Debug|x64
		{53884F41-8C7D-4629-B8C5-0A3DA6770876}.Debug|ARM64.ActiveCfg = Debug|ARM64
		{53884F41-8C7D-4629-B8C5-0A3DA6770876}.Debug|ARM64.Build.0 = Debug|ARM64
		{53884F41-8C7D-4629-B8C5-0A3DA6770876}.Debug|x64.ActiveCfg = Debug|x64
		{53884F41-8C7D-4629-B8C5-0A3DA6770876}.Debug|x64.Build.0 = Debug|x64
		{53884F41-8C7D-4629-B8C5-0A3DA6770876}.Release|ARM64.ActiveCfg = Debug|ARM64
		{53884F41-8C7D-4629-B8C5-0A3DA6770876}.Release|x64.ActiveCfg = Debug|x64
		{F4A1F3FC-C65B-4D5F-9B89-1D987841E111}.Debug|ARM64.ActiveCfg = Debug|ARM64
		{F4A1F3FC-C65B-4D5F-9B89-1D987841E111}.Debug|ARM64.Build.0 = Debug|ARM64
		{F4A1F3FC-C65B-4D5F-9B89-1D987841E111}.Debug|x64.ActiveCfg = Debug|x64
		{F4A1F3FC-C65B-4D5F-9B89-1D987841E111}.Debug|x64.Build.0 = Debug|x64
		{F4A1F3FC-C65B-4D5F-9B89-1D987841E111}.Release|ARM64.ActiveCfg = Debug|ARM64
		{F4A1F3FC-C65B-4D5F-9B89-1D987841E111}.Release|x64.ActiveCfg = Debug|x64
		{FAA37424-40A7-47F4-98CB-4B9464145B0D}.Debug|ARM64.ActiveCfg = Debug|ARM64
		{FAA37424-40A7-47F4-98CB-4B9464145B0D}.Debug|ARM64.Build.0 = Debug|ARM64
		{FAA37424-40A7-47F4-98CB-4B9464145B0D}.Debug|x64.ActiveCfg = Debug|x64
		{FAA37424-40A7-47F4-98CB-4B9464145B0D}.Debug|x64.Build.0 = Debug|x64
		{FAA37424-40A7-47F4-98CB-4B9464145B0D}.Release|ARM64.ActiveCfg = Debug|ARM64
		{FAA37424-40A7-47F4-98CB-4B9464145B0D}.Release|x64.ActiveCfg = Debug|x64
		{BD700D00-08C1-423F-88F6-BC8A0AC39F09}.Debug|ARM64.ActiveCfg = Debug|ARM64
		{BD700D00-08C1-423F-88F6-BC8A0AC39F09}.Debug|ARM64.Build.0 = Debug|ARM64
		{BD700D00-08C1-423F-88F6-BC8A0AC39F09}.Debug|x64.ActiveCfg = Debug|x64
		{BD700D00-08C1-423F-88F6-BC8A0AC39F09}.Debug|x64.Build.0 = Debug|x64
		{BD700D00-08C1-423F-88F6-BC8A0AC39F09}.Release|ARM64.ActiveCfg = Debug|ARM64
		{BD700D00-08C1-423F-88F6-BC8A0AC39F09}.Release|x64.ActiveCfg = Debug|x64
		{8E443BB0-2B3C-471B-9556-FFBCB8D5A003}.Debug|ARM64.ActiveCfg = Debug|ARM64
		{8E443BB0-2B3C-471B-9556-FFBCB8D5A003}.Debug|ARM64.Build.0 = Debug|ARM64
		{8E443BB0-2B3C-471B-9556-FFBCB8D5A003}.Debug|x64.ActiveCfg = Debug|x64
		{8E443BB0-2B3C-471B-9556-FFBCB8D5A003}.Debug|x64.Build.0 = Debug|x64
		{8E443BB0-2B3C-471B-9556-FFBCB8D5A003}.Release|ARM64.ActiveCfg = Debug|ARM64
		{8E443BB0-2B3C-471B-9556-FFBCB8D5A003}.Release|x64.ActiveCfg = Debug|x64
		{73C59F9A-C645-4EE5-8F00-AB4332011062}.Debug|ARM64.ActiveCfg = Debug|ARM64
		{73C59F9A-C645-4EE5-8F00-AB4332011062}.Debug|ARM64.Build.0 = Debug|ARM64
		{73C59F9A-C645-4EE5-8F00-AB4332011062}.Debug|x64.ActiveCfg = Debug|x64
		{73C59F9A-C645-4EE5-8F00-AB4332011062}.Debug|x64.Build.0 = Debug|x64
		{73C59F9A-C645-4EE5-8F00-AB4332011062}.Release|ARM64.ActiveCfg = Debug|ARM64
		{73C59F9A-C645-4EE5-8F00-AB4332011062}.Release|x64.ActiveCfg = Debug|x64
		{18A2D615-83E9-43B9-A98D-C60FC09E0633}.Debug|ARM64.ActiveCfg = Debug|ARM64
		{18A2D615-83E9-43B9-A98D-C60FC09E0633}.Debug|ARM64.Build.0 = Debug|ARM64
		{18A2D615-83E9-43B9-A98D-C60FC09E0633}.Debug|x64.ActiveCfg = Debug|x64
		{18A2D615-83E9-43B9-A98D-C60FC09E0633}.Debug|x64.Build.0 = Debug|x64
		{18A2D615-83E9-43B9-A98D-C60FC09E0633}.Release|ARM64.ActiveCfg = Debug|ARM64
		{18A2D615-83E9-43B9-A98D-C60FC09E0633}.Release|x64.ActiveCfg = Debug|x64
		{6E55656D-F1CC-4A40-8A04-C725C451A5E3}.Debug|ARM64.ActiveCfg = Debug|ARM64
		{6E55656D-F1CC-4A40-8A04-C725C451A5E3}.Debug|ARM64.Build.0 = Debug|ARM64
		{6E55656D-F1CC-4A40-8A04-C725C451A5E3}.Debug|x64.ActiveCfg = Debug|x64
		{6E55656D-F1CC-4A40-8A04-C725C451A5E3}.Debug|x64.Build.0 = Debug|x64
		{6E55656D-F1CC-4A40-8A04-C725C451A5E3}.Release|ARM64.ActiveCfg = Debug|ARM64
		{6E55656D-F1CC-4A40-8A04-C725C451A5E3}.Release|x64.ActiveCfg = Debug|x64
		{A1F49855-38CA-4A4C-BB30-1A6904C3280A}.Debug|ARM64.ActiveCfg = Debug|ARM64
		{A1F49855-38CA-4A4C-BB30-1A6904C3280A}.Debug|ARM64.Build.0 = Debug|ARM64
		{A1F49855-38CA-4A4C-BB30-1A6904C3280A}.Debug|x64.ActiveCfg = Debug|x64
		{A1F49855-38CA-4A4C-BB30-1A6904C3280A}.Debug|x64.Build.0 = Debug|x64
		{A1F49855-38CA-4A4C-BB30-1A6904C3280A}.Release|ARM64.ActiveCfg = Debug|ARM64
		{A1F49855-38CA-4A4C-BB30-1A6904C3280A}.Release|x64.ActiveCfg = Debug|x64
		{7C8F26C0-1ADD-4A2B-961E-2FDFDF5E6B2D}.Debug|ARM64.ActiveCfg = Debug|ARM64
		{7C8F26C0-1ADD-4A2B-961E-2FDFDF5E6B2D}.Debug|ARM64.Build.0 = Debug|ARM64
		{7C8F26C0-1ADD-4A2B-961E-2FDFDF5E6B2D}.Debug|x64.ActiveCfg = Debug|x64
		{7C8F26C0-1ADD-4A2B-961E-2FDFDF5E6B2D}.Debug|x64.Build.0 = Debug|x64
		{7C8F26C0-1ADD-4A2B-961E-2FDFDF5E6B2D}.Release|ARM64.ActiveCfg = Debug|ARM64
		{7C8F26C0-1ADD-4A2B-961E-2FDFDF5E6B2D}.Release|x64.ActiveCfg = Debug|x64
		{044F9AC0-1F66-4790-A891-957097F86F20}.Debug|ARM64.ActiveCfg = Debug|ARM64
		{044F9AC0-1F66-4790-A891-957097F86F20}.Debug|ARM64.Build.0 = Debug|ARM64
		{044F9AC0-1F66-4790-A891-957097F86F20}.Debug|x64.ActiveCfg = Debug|x64
		{044F9AC0-1F66-4790-A891-957097F86F20}.Debug|x64.Build.0 = Debug|x64
		{044F9AC0-1F66-4790-A891-957097F86F20}.Release|ARM64.ActiveCfg = Debug|ARM64
		{044F9AC0-1F66-4790-A891-957097F86F20}.Release|x64.ActiveCfg = Debug|x64
		{BA1C6B6B-58DD-4599-A7DD-D772C107AD5F}.Debug|ARM64.ActiveCfg = Debug|ARM64
		{BA1C6B6B-58DD-4599-A7DD-D772C107AD5F}.Debug|ARM64.Build.0 = Debug|ARM64
		{BA1C6B6B-58DD-4599-A7DD-D772C107AD5F}.Debug|x64.ActiveCfg = Debug|x64
		{BA1C6B6B-58DD-4599-A7DD-D772C107AD5F}.Debug|x64.Build.0 = Debug|x64
		{BA1C6B6B-58DD-4599-A7DD-D772C107AD5F}.Release|ARM64.ActiveCfg = Debug|ARM64
		{BA1C6B6B-58DD-4599-A7DD-D772C107AD5F}.Release|x64.ActiveCfg = Debug|ARM64
		{922B36FB-B01B-4C19-BEFA-79C67D309C19}.Debug|ARM64.ActiveCfg = Debug|ARM64
		{922B36FB-B01B-4C19-BEFA-79C67D309C19}.Debug|ARM64.Build.0 = Debug|ARM64
		{922B36FB-B01B-4C19-BEFA-79C67D309C19}.Debug|x64.ActiveCfg = Debug|x64
		{922B36FB-B01B-4C19-BEFA-79C67D309C19}.Debug|x64.Build.0 = Debug|x64
		{922B36FB-B01B-4C19-BEFA-79C67D309C19}.Release|ARM64.ActiveCfg = Debug|ARM64
		{922B36FB-B01B-4C19-BEFA-79C67D309C19}.Release|x64.ActiveCfg = Debug|ARM64
	EndGlobalSection
	GlobalSection(SolutionProperties) = preSolution
		HideSolutionNode = FALSE
	EndGlobalSection
	GlobalSection(ExtensibilityGlobals) = postSolution
		SolutionGuid = {699907C7-C14F-4818-9682-AA9F6CC406E8}
	EndGlobalSection
EndGlobal
