Microsoft Visual Studio Solution File, Format Version 12.00
# Visual Studio Version 16
VisualStudioVersion = 16.0.30621.155
MinimumVisualStudioVersion = 10.0.40219.1
Project("{8BC9CEB8-8B4A-11D0-8D11-00A0C91BC942}") = "MeasurementSample", "MeasurementSample.vcxproj", "{7C8F26C0-1ADD-4A2B-961E-2FDFDF5E6B2D}"
EndProject
Global
	GlobalSection(SolutionConfigurationPlatforms) = preSolution
		Debug|ARM64 = Debug|ARM64
		Debug|x64 = Debug|x64
	EndGlobalSection
	GlobalSection(ProjectConfigurationPlatforms) = postSolution
		{7C8F26C0-1ADD-4A2B-961E-2FDFDF5E6B2D}.Debug|ARM64.ActiveCfg = Debug|ARM64
		{7C8F26C0-1ADD-4A2B-961E-2FDFDF5E6B2D}.Debug|ARM64.Build.0 = Debug|ARM64
		{7C8F26C0-1ADD-4A2B-961E-2FDFDF5E6B2D}.Debug|x64.ActiveCfg = Debug|x64
		{7C8F26C0-1ADD-4A2B-961E-2FDFDF5E6B2D}.Debug|x64.Build.0 = Debug|x64
	EndGlobalSection
	GlobalSection(SolutionProperties) = preSolution
		HideSolutionNode = FALSE
	EndGlobalSection
	GlobalSection(ExtensibilityGlobals) = postSolution
		SolutionGuid = {C88CC455-1CF9-41BE-8BE2-E51F8E87EED5}
	EndGlobalSection
EndGlobal
