Microsoft Visual Studio Solution File, Format Version 12.00
# Visual Studio Version 16
VisualStudioVersion = 16.0.30621.155
MinimumVisualStudioVersion = 10.0.40219.1
Project("{8BC9CEB8-8B4A-11D0-8D11-00A0C91BC942}") = "Propetizer", "Propetizer.vcxproj", "{8E443BB0-2B3C-471B-9556-FFBCB8D5A003}"
EndProject
Global
	GlobalSection(SolutionConfigurationPlatforms) = preSolution
		Debug|ARM64 = Debug|ARM64
		Debug|x64 = Debug|x64
	EndGlobalSection
	GlobalSection(ProjectConfigurationPlatforms) = postSolution
		{8E443BB0-2B3C-471B-9556-FFBCB8D5A003}.Debug|ARM64.ActiveCfg = Debug|ARM64
		{8E443BB0-2B3C-471B-9556-FFBCB8D5A003}.Debug|ARM64.Build.0 = Debug|ARM64
		{8E443BB0-2B3C-471B-9556-FFBCB8D5A003}.Debug|x64.ActiveCfg = Debug|x64
		{8E443BB0-2B3C-471B-9556-FFBCB8D5A003}.Debug|x64.Build.0 = Debug|x64
	EndGlobalSection
	GlobalSection(SolutionProperties) = preSolution
		HideSolutionNode = FALSE
	EndGlobalSection
	GlobalSection(ExtensibilityGlobals) = postSolution
		SolutionGuid = {6725129F-A568-4F61-9F5A-F28E5B212DF8}
	EndGlobalSection
EndGlobal
